<?xml version="1.0" encoding="utf-8"?>
<Project ToolsVersion="4.0" xmlns="http://schemas.microsoft.com/developer/msbuild/2003">
  <ItemGroup>
    <ClCompile Include="Land.cpp">
      <Filter>Assets\Background</Filter>
    </ClCompile>
    <ClCompile Include="Animation.cpp">
      <Filter>Assets\Animation</Filter>
    </ClCompile>
    <ClCompile Include="Animations.cpp">
      <Filter>Assets\Animation</Filter>
    </ClCompile>
    <ClCompile Include="Sprite.cpp">
      <Filter>Assets\Sprite</Filter>
    </ClCompile>
    <ClCompile Include="Sprites.cpp">
      <Filter>Assets\Sprite</Filter>
    </ClCompile>
    <ClCompile Include="Textures.cpp">
      <Filter>Assets\Texture</Filter>
    </ClCompile>
    <ClCompile Include="Tilemap.cpp">
      <Filter>Assets\Tilemap</Filter>
    </ClCompile>
    <ClCompile Include="debug.cpp">
      <Filter>Game\Debug supports</Filter>
    </ClCompile>
    <ClCompile Include="main.cpp">
      <Filter>Amain</Filter>
    </ClCompile>
    <ClCompile Include="SampleKeyEventHandler.cpp">
      <Filter>Game\KeyboardProcess</Filter>
    </ClCompile>
    <ClCompile Include="GameObject.cpp">
      <Filter>Game\Game\Object</Filter>
    </ClCompile>
    <ClCompile Include="Loader.cpp">
      <Filter>Assets\Load</Filter>
    </ClCompile>
    <ClCompile Include="Bill.cpp">
      <Filter>Game\Characters\Bill</Filter>
    </ClCompile>
    <ClCompile Include="Camera.cpp">
      <Filter>Game\Game\Camera</Filter>
    </ClCompile>
    <ClCompile Include="Game.cpp">
      <Filter>Game\Game\Game</Filter>
    </ClCompile>
    <ClCompile Include="BinaryTree.cpp">
      <Filter>Game\Game\Tree</Filter>
    </ClCompile>
    <ClCompile Include="Deleted.cpp">
      <Filter>Game\Game\Object</Filter>
    </ClCompile>
    <ClCompile Include="Greeder.cpp">
      <Filter>Game\Characters\Greeder</Filter>
    </ClCompile>
  </ItemGroup>
  <ItemGroup>
    <ClInclude Include="Bill.h">
      <Filter>Game\Characters\Bill</Filter>
    </ClInclude>
    <ClInclude Include="Land.h">
      <Filter>Assets\Background</Filter>
    </ClInclude>
    <ClInclude Include="Animation.h">
      <Filter>Assets\Animation</Filter>
    </ClInclude>
    <ClInclude Include="AnimationFrame.h">
      <Filter>Assets\Animation</Filter>
    </ClInclude>
    <ClInclude Include="Animations.h">
      <Filter>Assets\Animation</Filter>
    </ClInclude>
    <ClInclude Include="Sprite.h">
      <Filter>Assets\Sprite</Filter>
    </ClInclude>
    <ClInclude Include="Sprites.h">
      <Filter>Assets\Sprite</Filter>
    </ClInclude>
    <ClInclude Include="Texture.h">
      <Filter>Assets\Texture</Filter>
    </ClInclude>
    <ClInclude Include="Textures.h">
      <Filter>Assets\Texture</Filter>
    </ClInclude>
    <ClInclude Include="Tilemap.h">
      <Filter>Assets\Tilemap</Filter>
    </ClInclude>
    <ClInclude Include="debug.h">
      <Filter>Game\Debug supports</Filter>
    </ClInclude>
    <ClInclude Include="ID.h">
      <Filter>Amain</Filter>
    </ClInclude>
    <ClInclude Include="KeyEventHandler.h">
      <Filter>Game\KeyboardProcess</Filter>
    </ClInclude>
    <ClInclude Include="SampleKeyEventHandler.h">
      <Filter>Game\KeyboardProcess</Filter>
    </ClInclude>
    <ClInclude Include="Game.h">
      <Filter>Game\Game\Game</Filter>
    </ClInclude>
    <ClInclude Include="GameObject.h">
      <Filter>Game\Game\Object</Filter>
    </ClInclude>
    <ClInclude Include="Loader.h">
      <Filter>Assets\Load</Filter>
    </ClInclude>
    <ClInclude Include="Camera.h">
      <Filter>Game\Game\Camera</Filter>
    </ClInclude>
    <ClInclude Include="BinaryTree.h">
      <Filter>Game\Game\Tree</Filter>
    </ClInclude>
    <ClInclude Include="Deleted.h">
      <Filter>Game\Game\Object</Filter>
    </ClInclude>
    <ClInclude Include="Greeder.h">
      <Filter>Game\Characters\Greeder</Filter>
    </ClInclude>
  </ItemGroup>
  <ItemGroup>
    <Filter Include="Assets">
      <UniqueIdentifier>{d8ad6c94-adc1-4926-9f70-ec0ce8e2ba6d}</UniqueIdentifier>
    </Filter>
    <Filter Include="Assets\Animation">
      <UniqueIdentifier>{f48dee24-b21b-4a3b-b2ea-4324ff98cdd8}</UniqueIdentifier>
    </Filter>
    <Filter Include="Assets\Texture">
      <UniqueIdentifier>{5dd173eb-a207-487e-833b-5381783b5c3f}</UniqueIdentifier>
    </Filter>
    <Filter Include="Assets\Tilemap">
      <UniqueIdentifier>{16a50317-ec24-406a-8754-2df29c51a600}</UniqueIdentifier>
    </Filter>
    <Filter Include="Assets\Sprite">
      <UniqueIdentifier>{472718d2-b83d-47c6-b757-ba624c54ad3c}</UniqueIdentifier>
    </Filter>
    <Filter Include="Game">
      <UniqueIdentifier>{2975520f-0806-4822-a4a0-f1da97dd795e}</UniqueIdentifier>
    </Filter>
    <Filter Include="Game\Characters">
      <UniqueIdentifier>{712b7939-67ad-4c6c-a4c3-328a80baec02}</UniqueIdentifier>
    </Filter>
    <Filter Include="Game\Characters\Bill">
      <UniqueIdentifier>{4a7e9418-02e0-4c71-bf9d-b79e1800157d}</UniqueIdentifier>
    </Filter>
    <Filter Include="Assets\Background">
      <UniqueIdentifier>{69be85db-3baa-4ef2-8729-61b2ca8127c0}</UniqueIdentifier>
    </Filter>
    <Filter Include="Game\Debug supports">
      <UniqueIdentifier>{3b9cf75a-0999-4523-84a9-5717148dc5a5}</UniqueIdentifier>
    </Filter>
    <Filter Include="Amain">
      <UniqueIdentifier>{411bac48-e703-4e23-b4be-1af6c6f825e5}</UniqueIdentifier>
    </Filter>
    <Filter Include="Game\Game">
      <UniqueIdentifier>{e8476a06-1eec-43d3-b13e-2500aae888e8}</UniqueIdentifier>
    </Filter>
    <Filter Include="Game\KeyboardProcess">
      <UniqueIdentifier>{03a6c881-6747-4793-8a3b-be2c04fd82d4}</UniqueIdentifier>
    </Filter>
    <Filter Include="Game\Game\Game">
      <UniqueIdentifier>{883c1b44-e020-44bc-b732-a8f24e9c7708}</UniqueIdentifier>
    </Filter>
    <Filter Include="Game\Game\Object">
      <UniqueIdentifier>{fb8ab8b0-75dc-4b31-8381-dceb3aa28d6a}</UniqueIdentifier>
    </Filter>
    <Filter Include="Assets\Load">
      <UniqueIdentifier>{ce6c2f1a-1f76-45ee-8894-d7378fcbf7d6}</UniqueIdentifier>
    </Filter>
    <Filter Include="Game\Game\Camera">
      <UniqueIdentifier>{726cc6e6-7c45-44ee-a178-3333d9fd486a}</UniqueIdentifier>
    </Filter>
    <Filter Include="Game\Game\Tree">
      <UniqueIdentifier>{b7fb0613-d286-4e9a-b7a5-da647d8ca707}</UniqueIdentifier>
    </Filter>
    <Filter Include="Game\Characters\Greeder">
      <UniqueIdentifier>{df04e456-889d-4179-a54d-09423faa3272}</UniqueIdentifier>
    </Filter>
  </ItemGroup>
  <ItemGroup>
    <Text Include="Tilemap.txt">
      <Filter>Assets\Tilemap</Filter>
    </Text>
  </ItemGroup>
  <ItemGroup>
    <None Include="packages.config">
      <Filter>Assets\Background</Filter>
    </None>
  </ItemGroup>
</Project>